
Microsoft Visual Studio Solution File, Format Version 12.00
# Visual Studio 15
VisualStudioVersion = 15.0.28010.2046
MinimumVisualStudioVersion = 10.0.40219.1
Project("{8BC9CEB8-8B4A-11D0-8D11-00A0C91BC942}") = "NFA to DFA", "NFA to DFA.vcxproj", "{BA0586C2-7220-450C-9CF2-CCFC6BF15BAE}"
EndProject
Global
	GlobalSection(SolutionConfigurationPlatforms) = preSolution
		Debug|x64 = Debug|x64
		Debug|x86 = Debug|x86
		Release|x64 = Release|x64
		Release|x86 = Release|x86
	EndGlobalSection
	GlobalSection(ProjectConfigurationPlatforms) = postSolution
		{BA0586C2-7220-450C-9CF2-CCFC6BF15BAE}.Debug|x64.ActiveCfg = Debug|x64
		{BA0586C2-7220-450C-9CF2-CCFC6BF15BAE}.Debug|x64.Build.0 = Debug|x64
		{BA0586C2-7220-450C-9CF2-CCFC6BF15BAE}.Debug|x86.ActiveCfg = Debug|Win32
		{BA0586C2-7220-450C-9CF2-CCFC6BF15BAE}.Debug|x86.Build.0 = Debug|Win32
		{BA0586C2-7220-450C-9CF2-CCFC6BF15BAE}.Release|x64.ActiveCfg = Release|x64
		{BA0586C2-7220-450C-9CF2-CCFC6BF15BAE}.Release|x64.Build.0 = Release|x64
		{BA0586C2-7220-450C-9CF2-CCFC6BF15BAE}.Release|x86.ActiveCfg = Release|Win32
		{BA0586C2-7220-450C-9CF2-CCFC6BF15BAE}.Release|x86.Build.0 = Release|Win32
	EndGlobalSection
	GlobalSection(SolutionProperties) = preSolution
		HideSolutionNode = FALSE
	EndGlobalSection
	GlobalSection(ExtensibilityGlobals) = postSolution
		SolutionGuid = {AED9B05A-F6CA-4BAA-BC6B-E420E713418C}
	EndGlobalSection
EndGlobal
